
Microsoft Visual Studio Solution File, Format Version 12.00
# Visual Studio Version 17
VisualStudioVersion = 17.13.35931.197
MinimumVisualStudioVersion = 10.0.40219.1
Project("{FAE04EC0-301F-11D3-BF4B-00C04F79EFBC}") = "thinger.ModBusProect", "thinger.ModBusProect\thinger.ModBusProect.csproj", "{8C1A488F-ABD9-4A42-BE73-0D23017C3DE6}"
EndProject
Project("{FAE04EC0-301F-11D3-BF4B-00C04F79EFBC}") = "thinger.ModBusRTULib", "thinger.ModBusRTULib\thinger.ModBusRTULib.csproj", "{882F92DC-782D-4491-B719-5A7C474AB254}"
EndProject
Project("{FAE04EC0-301F-11D3-BF4B-00C04F79EFBC}") = "Rockweed", "Rockweed\Rockweed.csproj", "{1FC513C1-CF71-479D-A22D-DC410118DAF5}"
EndProject
Project("{FAE04EC0-301F-11D3-BF4B-00C04F79EFBC}") = "excelOperation", "excelOperation\excelOperation.csproj", "{DCBE4C26-9154-489D-A42A-2C522BE41124}"
EndProject
Project("{FAE04EC0-301F-11D3-BF4B-00C04F79EFBC}") = "Game_ChinaCheese", "Game_ChinaCheese\Game_ChinaCheese.csproj", "{3E047020-6AE7-47BD-9404-59A149BD07FA}"
EndProject
Project("{FAE04EC0-301F-11D3-BF4B-00C04F79EFBC}") = "thinger.TeachDemo", "thinger.TeachDemo\thinger.TeachDemo.csproj", "{A467EDA2-0CBF-45D0-BA2E-A39FEB62D912}"
EndProject
Project("{FAE04EC0-301F-11D3-BF4B-00C04F79EFBC}") = "thingerTask", "thingerTask\thingerTask.csproj", "{92BBFA03-F492-441F-ACCC-C170EF8FD047}"
EndProject
Project("{FAE04EC0-301F-11D3-BF4B-00C04F79EFBC}") = "thinger.ProConfigSys", "thinger.ProConfigSys\thinger.ProConfigSys.csproj", "{55C6904C-94F6-4F52-BB52-E6723B1C981F}"
EndProject
Global
	GlobalSection(SolutionConfigurationPlatforms) = preSolution
		Debug|Any CPU = Debug|Any CPU
		Release|Any CPU = Release|Any CPU
	EndGlobalSection
	GlobalSection(ProjectConfigurationPlatforms) = postSolution
		{8C1A488F-ABD9-4A42-BE73-0D23017C3DE6}.Debug|Any CPU.ActiveCfg = Debug|Any CPU
		{8C1A488F-ABD9-4A42-BE73-0D23017C3DE6}.Debug|Any CPU.Build.0 = Debug|Any CPU
		{8C1A488F-ABD9-4A42-BE73-0D23017C3DE6}.Release|Any CPU.ActiveCfg = Release|Any CPU
		{8C1A488F-ABD9-4A42-BE73-0D23017C3DE6}.Release|Any CPU.Build.0 = Release|Any CPU
		{882F92DC-782D-4491-B719-5A7C474AB254}.Debug|Any CPU.ActiveCfg = Debug|Any CPU
		{882F92DC-782D-4491-B719-5A7C474AB254}.Debug|Any CPU.Build.0 = Debug|Any CPU
		{882F92DC-782D-4491-B719-5A7C474AB254}.Release|Any CPU.ActiveCfg = Release|Any CPU
		{882F92DC-782D-4491-B719-5A7C474AB254}.Release|Any CPU.Build.0 = Release|Any CPU
		{1FC513C1-CF71-479D-A22D-DC410118DAF5}.Debug|Any CPU.ActiveCfg = Debug|Any CPU
		{1FC513C1-CF71-479D-A22D-DC410118DAF5}.Debug|Any CPU.Build.0 = Debug|Any CPU
		{1FC513C1-CF71-479D-A22D-DC410118DAF5}.Release|Any CPU.ActiveCfg = Release|Any CPU
		{1FC513C1-CF71-479D-A22D-DC410118DAF5}.Release|Any CPU.Build.0 = Release|Any CPU
		{DCBE4C26-9154-489D-A42A-2C522BE41124}.Debug|Any CPU.ActiveCfg = Debug|Any CPU
		{DCBE4C26-9154-489D-A42A-2C522BE41124}.Debug|Any CPU.Build.0 = Debug|Any CPU
		{DCBE4C26-9154-489D-A42A-2C522BE41124}.Release|Any CPU.ActiveCfg = Release|Any CPU
		{DCBE4C26-9154-489D-A42A-2C522BE41124}.Release|Any CPU.Build.0 = Release|Any CPU
		{3E047020-6AE7-47BD-9404-59A149BD07FA}.Debug|Any CPU.ActiveCfg = Debug|Any CPU
		{3E047020-6AE7-47BD-9404-59A149BD07FA}.Debug|Any CPU.Build.0 = Debug|Any CPU
		{3E047020-6AE7-47BD-9404-59A149BD07FA}.Release|Any CPU.ActiveCfg = Release|Any CPU
		{3E047020-6AE7-47BD-9404-59A149BD07FA}.Release|Any CPU.Build.0 = Release|Any CPU
		{A467EDA2-0CBF-45D0-BA2E-A39FEB62D912}.Debug|Any CPU.ActiveCfg = Debug|Any CPU
		{A467EDA2-0CBF-45D0-BA2E-A39FEB62D912}.Debug|Any CPU.Build.0 = Debug|Any CPU
		{A467EDA2-0CBF-45D0-BA2E-A39FEB62D912}.Release|Any CPU.ActiveCfg = Release|Any CPU
		{A467EDA2-0CBF-45D0-BA2E-A39FEB62D912}.Release|Any CPU.Build.0 = Release|Any CPU
		{92BBFA03-F492-441F-ACCC-C170EF8FD047}.Debug|Any CPU.ActiveCfg = Debug|Any CPU
		{92BBFA03-F492-441F-ACCC-C170EF8FD047}.Debug|Any CPU.Build.0 = Debug|Any CPU
		{92BBFA03-F492-441F-ACCC-C170EF8FD047}.Release|Any CPU.ActiveCfg = Release|Any CPU
		{92BBFA03-F492-441F-ACCC-C170EF8FD047}.Release|Any CPU.Build.0 = Release|Any CPU
		{55C6904C-94F6-4F52-BB52-E6723B1C981F}.Debug|Any CPU.ActiveCfg = Debug|Any CPU
		{55C6904C-94F6-4F52-BB52-E6723B1C981F}.Debug|Any CPU.Build.0 = Debug|Any CPU
		{55C6904C-94F6-4F52-BB52-E6723B1C981F}.Release|Any CPU.ActiveCfg = Release|Any CPU
		{55C6904C-94F6-4F52-BB52-E6723B1C981F}.Release|Any CPU.Build.0 = Release|Any CPU
	EndGlobalSection
	GlobalSection(SolutionProperties) = preSolution
		HideSolutionNode = FALSE
	EndGlobalSection
	GlobalSection(ExtensibilityGlobals) = postSolution
		SolutionGuid = {C6B6366D-8FCE-4364-8358-79134B415982}
	EndGlobalSection
EndGlobal
